
Microsoft Visual Studio Solution File, Format Version 12.00
# Visual Studio Version 16
VisualStudioVersion = 16.0.29728.190
MinimumVisualStudioVersion = 10.0.40219.1
Project("{FAE04EC0-301F-11D3-BF4B-00C04F79EFBC}") = "AudioReactorLib", "AudioReactorLib\AudioReactorLib.csproj", "{CCA0BD98-47B5-45BA-AE17-F56AC456DAD5}"
EndProject
Project("{FAE04EC0-301F-11D3-BF4B-00C04F79EFBC}") = "AudioReactorUI", "AudioReactorUI\AudioReactorUI.csproj", "{BE79FA7F-AD7F-456B-853A-6310202671BC}"
EndProject
Project("{FAE04EC0-301F-11D3-BF4B-00C04F79EFBC}") = "DrawingSystem", "DrawingSystem\DrawingSystem.csproj", "{015CFC2C-50DC-4A96-83B3-BF68DB36EE05}"
EndProject
Global
	GlobalSection(SolutionConfigurationPlatforms) = preSolution
		Debug|Any CPU = Debug|Any CPU
		Debug|x64 = Debug|x64
		Debug|x86 = Debug|x86
		Release|Any CPU = Release|Any CPU
		Release|x64 = Release|x64
		Release|x86 = Release|x86
	EndGlobalSection
	GlobalSection(ProjectConfigurationPlatforms) = postSolution
		{CCA0BD98-47B5-45BA-AE17-F56AC456DAD5}.Debug|Any CPU.ActiveCfg = Debug|Any CPU
		{CCA0BD98-47B5-45BA-AE17-F56AC456DAD5}.Debug|Any CPU.Build.0 = Debug|Any CPU
		{CCA0BD98-47B5-45BA-AE17-F56AC456DAD5}.Debug|x64.ActiveCfg = Debug|Any CPU
		{CCA0BD98-47B5-45BA-AE17-F56AC456DAD5}.Debug|x64.Build.0 = Debug|Any CPU
		{CCA0BD98-47B5-45BA-AE17-F56AC456DAD5}.Debug|x86.ActiveCfg = Debug|Any CPU
		{CCA0BD98-47B5-45BA-AE17-F56AC456DAD5}.Debug|x86.Build.0 = Debug|Any CPU
		{CCA0BD98-47B5-45BA-AE17-F56AC456DAD5}.Release|Any CPU.ActiveCfg = Release|Any CPU
		{CCA0BD98-47B5-45BA-AE17-F56AC456DAD5}.Release|Any CPU.Build.0 = Release|Any CPU
		{CCA0BD98-47B5-45BA-AE17-F56AC456DAD5}.Release|x64.ActiveCfg = Release|Any CPU
		{CCA0BD98-47B5-45BA-AE17-F56AC456DAD5}.Release|x64.Build.0 = Release|Any CPU
		{CCA0BD98-47B5-45BA-AE17-F56AC456DAD5}.Release|x86.ActiveCfg = Release|Any CPU
		{CCA0BD98-47B5-45BA-AE17-F56AC456DAD5}.Release|x86.Build.0 = Release|Any CPU
		{BE79FA7F-AD7F-456B-853A-6310202671BC}.Debug|Any CPU.ActiveCfg = Debug|Any CPU
		{BE79FA7F-AD7F-456B-853A-6310202671BC}.Debug|Any CPU.Build.0 = Debug|Any CPU
		{BE79FA7F-AD7F-456B-853A-6310202671BC}.Debug|x64.ActiveCfg = Debug|Any CPU
		{BE79FA7F-AD7F-456B-853A-6310202671BC}.Debug|x64.Build.0 = Debug|Any CPU
		{BE79FA7F-AD7F-456B-853A-6310202671BC}.Debug|x86.ActiveCfg = Debug|Any CPU
		{BE79FA7F-AD7F-456B-853A-6310202671BC}.Debug|x86.Build.0 = Debug|Any CPU
		{BE79FA7F-AD7F-456B-853A-6310202671BC}.Release|Any CPU.ActiveCfg = Release|Any CPU
		{BE79FA7F-AD7F-456B-853A-6310202671BC}.Release|Any CPU.Build.0 = Release|Any CPU
		{BE79FA7F-AD7F-456B-853A-6310202671BC}.Release|x64.ActiveCfg = Release|Any CPU
		{BE79FA7F-AD7F-456B-853A-6310202671BC}.Release|x64.Build.0 = Release|Any CPU
		{BE79FA7F-AD7F-456B-853A-6310202671BC}.Release|x86.ActiveCfg = Release|Any CPU
		{BE79FA7F-AD7F-456B-853A-6310202671BC}.Release|x86.Build.0 = Release|Any CPU
		{015CFC2C-50DC-4A96-83B3-BF68DB36EE05}.Debug|Any CPU.ActiveCfg = Debug|Any CPU
		{015CFC2C-50DC-4A96-83B3-BF68DB36EE05}.Debug|Any CPU.Build.0 = Debug|Any CPU
		{015CFC2C-50DC-4A96-83B3-BF68DB36EE05}.Debug|x64.ActiveCfg = Debug|Any CPU
		{015CFC2C-50DC-4A96-83B3-BF68DB36EE05}.Debug|x64.Build.0 = Debug|Any CPU
		{015CFC2C-50DC-4A96-83B3-BF68DB36EE05}.Debug|x86.ActiveCfg = Debug|Any CPU
		{015CFC2C-50DC-4A96-83B3-BF68DB36EE05}.Debug|x86.Build.0 = Debug|Any CPU
		{015CFC2C-50DC-4A96-83B3-BF68DB36EE05}.Release|Any CPU.ActiveCfg = Release|Any CPU
		{015CFC2C-50DC-4A96-83B3-BF68DB36EE05}.Release|Any CPU.Build.0 = Release|Any CPU
		{015CFC2C-50DC-4A96-83B3-BF68DB36EE05}.Release|x64.ActiveCfg = Release|Any CPU
		{015CFC2C-50DC-4A96-83B3-BF68DB36EE05}.Release|x64.Build.0 = Release|Any CPU
		{015CFC2C-50DC-4A96-83B3-BF68DB36EE05}.Release|x86.ActiveCfg = Release|Any CPU
		{015CFC2C-50DC-4A96-83B3-BF68DB36EE05}.Release|x86.Build.0 = Release|Any CPU
	EndGlobalSection
	GlobalSection(SolutionProperties) = preSolution
		HideSolutionNode = FALSE
	EndGlobalSection
	GlobalSection(ExtensibilityGlobals) = postSolution
		SolutionGuid = {9B65BA59-8981-443E-BC30-903374165772}
	EndGlobalSection
EndGlobal
